{
  "name": "TavernProject",
  "lockfileVersion": 3,
  "requires": true,
  "packages": {
    "": {
      "dependencies": {
        "motion": "^12.43.0",
        "phaser": "^4.2.1",
        "react-router": "^7.18.1",
        "zustand": "^5.0.14"
      }
    },
    "node_modules/cookie": {
      "version": "1.1.1",
      "resolved": "https://registry.npmjs.org/cookie/-/cookie-1.1.1.tgz",
      "integrity": "sha512-ei8Aos7ja0weRpFzJnEA9UHJ/7XQmqglbRwnf2ATjcB9Wq874VKH9kfjjirM6UhU2/E5fFYadylyhFldcqSidQ==",
      "license": "MIT",
      "engines": {
        "node": ">=18"
      },
      "funding": {
        "type": "opencollective",
        "url": "https://opencollective.com/express"
      }
    },
    "node_modules/eventemitter3": {
      "version": "5.0.4",
      "resolved": "https://registry.npmjs.org/eventemitter3/-/eventemitter3-5.0.4.tgz",
      "integrity": "sha512-mlsTRyGaPBjPedk6Bvw+aqbsXDtoAyAzm5MO7JgU+yVRyMQ5O8bD4Kcci7BS85f93veegeCPkL8R4GLClnjLFw==",
      "license": "MIT"
    },
    "node_modules/framer-motion": {
      "version": "12.43.0",
      "resolved": "https://registry.npmjs.org/framer-motion/-/framer-motion-12.43.0.tgz",
      "integrity": "sha512-1eaL3RvR/kAlbG7UYcpMptEyzPoENO0c6w7ZnB3/hh2vSAz/6uGAFn6fdoqTBguNstf3MsFhJHsD/0DHiclG+g==",
      "license": "MIT",
      "dependencies": {
        "motion-dom": "^12.43.0",
        "motion-utils": "^12.39.0",
        "tslib": "^2.4.0"
      },
      "peerDependencies": {
        "@emotion/is-prop-valid": "*",
        "react": "^18.0.0 || ^19.0.0",
        "react-dom": "^18.0.0 || ^19.0.0"
      },
      "peerDependenciesMeta": {
        "@emotion/is-prop-valid": {
          "optional": true
        },
        "react": {
          "optional": true
        },
        "react-dom": {
          "optional": true
        }
      }
    },
    "node_modules/motion": {
      "version": "12.43.0",
      "resolved": "https://registry.npmjs.org/motion/-/motion-12.43.0.tgz",
      "integrity": "sha512-BQgQbSa9Hn3/mtbib0MK53y6JSANa+YKUKlaYnWzAVDH424RYQ5LVpV3pNiWH00BA2z4ojsSdMzqT7g2FQwjuQ==",
      "license": "MIT",
      "dependencies": {
        "framer-motion": "^12.43.0",
        "tslib": "^2.4.0"
      },
      "peerDependencies": {
        "@emotion/is-prop-valid": "*",
        "react": "^18.0.0 || ^19.0.0",
        "react-dom": "^18.0.0 || ^19.0.0"
      },
      "peerDependenciesMeta": {
        "@emotion/is-prop-valid": {
          "optional": true
        },
        "react": {
          "optional": true
        },
        "react-dom": {
          "optional": true
        }
      }
    },
    "node_modules/motion-dom": {
      "version": "12.43.0",
      "resolved": "https://registry.npmjs.org/motion-dom/-/motion-dom-12.43.0.tgz",
      "integrity": "sha512-azKON4d9S65PEoFUiQTMTgPheEmzf2QngdRc50AKfJp9Q9mmcBVw22c8eMq9k8kxOFHdL7+WZY7N/5F/lwiDag==",
      "license": "MIT",
      "dependencies": {
        "motion-utils": "^12.39.0"
      }
    },
    "node_modules/motion-utils": {
      "version": "12.39.0",
      "resolved": "https://registry.npmjs.org/motion-utils/-/motion-utils-12.39.0.tgz",
      "integrity": "sha512-8nadJAJjTtqRkmRF36FoJTrywK9nnFmnPwnSMyxaOCU7GDjN9RTMJIxx9De8ErM+vpPhMccr/6fo5WciyQLnMQ==",
      "license": "MIT"
    },
    "node_modules/phaser": {
      "version": "4.2.1",
      "resolved": "https://registry.npmjs.org/phaser/-/phaser-4.2.1.tgz",
      "integrity": "sha512-WUNwCPJpdjvZiuT6SgCfYVW8Qw/3j0jJ4ws7P2QkhFLFu74sbGuyHJcbFueGkY/AYO4Pi47bNQXn1OCJeLX//w==",
      "license": "MIT",
      "dependencies": {
        "eventemitter3": "^5.0.4"
      }
    },
    "node_modules/react": {
      "version": "19.2.8",
      "resolved": "https://registry.npmjs.org/react/-/react-19.2.8.tgz",
      "integrity": "sha512-PWaYA1L/q9u2u7xYQi+Y3L3Yfnie7XyLeaJICV1MGD6LprsBxcAqGjYyr0eY3p+QdsA+x/Irkt4Qif8D63+Sbw==",
      "license": "MIT",
      "peer": true,
      "engines": {
        "node": ">=0.10.0"
      }
    },
    "node_modules/react-router": {
      "version": "7.18.1",
      "resolved": "https://registry.npmjs.org/react-router/-/react-router-7.18.1.tgz",
      "integrity": "sha512-GDLgg3i3uM0aeJO3Fm+TCS+sDQ7gu12T6x0qdTEzcwqEfleci7JwugVNIF3U//0FWKnJT7ptG+20B2jfDqnZAg==",
      "license": "MIT",
      "dependencies": {
        "cookie": "^1.0.1",
        "set-cookie-parser": "^2.6.0"
      },
      "engines": {
        "node": ">=20.0.0"
      },
      "peerDependencies": {
        "react": ">=18",
        "react-dom": ">=18"
      },
      "peerDependenciesMeta": {
        "react-dom": {
          "optional": true
        }
      }
    },
    "node_modules/set-cookie-parser": {
      "version": "2.7.2",
      "resolved": "https://registry.npmjs.org/set-cookie-parser/-/set-cookie-parser-2.7.2.tgz",
      "integrity": "sha512-oeM1lpU/UvhTxw+g3cIfxXHyJRc/uidd3yK1P242gzHds0udQBYzs3y8j4gCCW+ZJ7ad0yctld8RYO+bdurlvw==",
      "license": "MIT"
    },
    "node_modules/tslib": {
      "version": "2.8.1",
      "resolved": "https://registry.npmjs.org/tslib/-/tslib-2.8.1.tgz",
      "integrity": "sha512-oJFu94HQb+KVduSUQL7wnpmqnfmLsOA/nAh6b6EH0wCEoK0/mPeXU6c3wKDV83MkOuHPRHtSXKKU99IBazS/2w==",
      "license": "0BSD"
    },
    "node_modules/zustand": {
      "version": "5.0.14",
      "resolved": "https://registry.npmjs.org/zustand/-/zustand-5.0.14.tgz",
      "integrity": "sha512-/8tAspM5LMPr28b3fwLYrtdj77ECpfZviaP75CMTnwO8ISyaE4GDIG/9rDDYq/cH9D2Xw2A2RXglLInmVBQB/g==",
      "license": "MIT",
      "engines": {
        "node": ">=12.20.0"
      },
      "peerDependencies": {
        "@types/react": ">=18.0.0",
        "immer": ">=9.0.6",
        "react": ">=18.0.0",
        "use-sync-external-store": ">=1.2.0"
      },
      "peerDependenciesMeta": {
        "@types/react": {
          "optional": true
        },
        "immer": {
          "optional": true
        },
        "react": {
          "optional": true
        },
        "use-sync-external-store": {
          "optional": true
        }
      }
    }
  }
}
